# THIS IS AN AUTOGENERATED FILE. DO NOT EDIT THIS FILE DIRECTLY.
# yarn lockfile v1


"@accessible360/accessible-slick@^1.0.1":
  version "1.0.1"
  resolved "https://registry.yarnpkg.com/@accessible360/accessible-slick/-/accessible-slick-1.0.1.tgz#8a2a138d2eeccc2ecd54112439857f70dc454719"
  integrity sha512-fAdHKy0CLuApCHFgRs2zcQpzjEdlZUuJND1zIY8T5PiV8bB52gpomjCUFCZwCk9lb87WC0IJGIUaPD6RToocqA==

"@babel/runtime@^7.12.0", "@babel/runtime@^7.14.6":
  version "7.18.3"
  resolved "https://registry.yarnpkg.com/@babel/runtime/-/runtime-7.18.3.tgz#c7b654b57f6f63cf7f8b418ac9ca04408c4579f4"
  integrity sha512-38Y8f7YUhce/K7RMwTp7m0uCumpv9hZkitCbBClqQIow1qSbCvGkcegKOXpEWCQLfWmevgRiWokZ1GkpfhbZug==
  dependencies:
    regenerator-runtime "^0.13.4"

"@fortawesome/fontawesome-common-types@^0.2.36":
  version "0.2.36"
  resolved "https://npm.fontawesome.com/@fortawesome/fontawesome-common-types/-/0.2.36/fontawesome-common-types-0.2.36.tgz#b44e52db3b6b20523e0c57ef8c42d315532cb903"
  integrity sha512-a/7BiSgobHAgBWeN7N0w+lAhInrGxksn13uK7231n2m8EDPE3BMCl9NZLTGrj9ZXfCmC6LM0QLqXidIizVQ6yg==

"@fortawesome/fontawesome-common-types@^0.3.0":
  version "0.3.0"
  resolved "https://npm.fontawesome.com/@fortawesome/fontawesome-common-types/-/0.3.0/fontawesome-common-types-0.3.0.tgz#949995a05c0d8801be7e0a594f775f1dbaa0d893"
  integrity sha512-CA3MAZBTxVsF6SkfkHXDerkhcQs0QPofy43eFdbWJJkZiq3SfiaH1msOkac59rQaqto5EqWnASboY1dBuKen5w==

"@fortawesome/fontawesome-svg-core@^1.2.15":
  version "1.3.0"
  resolved "https://npm.fontawesome.com/@fortawesome/fontawesome-svg-core/-/1.3.0/fontawesome-svg-core-1.3.0.tgz#343fac91fa87daa630d26420bfedfba560f85885"
  integrity sha512-UIL6crBWhjTNQcONt96ExjUnKt1D68foe3xjEensLDclqQ6YagwCRYVQdrp/hW0ALRp/5Fv/VKw+MqTUWYYvPg==
  dependencies:
    "@fortawesome/fontawesome-common-types" "^0.3.0"

"@fortawesome/pro-light-svg-icons@^5.15.4", "@fortawesome/pro-light-svg-icons@^5.8.1":
  version "5.15.4"
  resolved "https://npm.fontawesome.com/@fortawesome/pro-light-svg-icons/-/5.15.4/pro-light-svg-icons-5.15.4.tgz#56a0d5df1b15eb00b3f17b260542967d94936625"
  integrity sha512-+Hk1YVmuk+1TYhbRTD4WhabQhWuK/DG8IVGO+iXM5A4OW1D6rHFHr8rt9JNc7iybXFQWY7HuCRPoVXdCm4YZ0A==
  dependencies:
    "@fortawesome/fontawesome-common-types" "^0.2.36"

"@fortawesome/pro-regular-svg-icons@^5.8.1":
  version "5.15.4"
  resolved "https://npm.fontawesome.com/@fortawesome/pro-regular-svg-icons/-/5.15.4/pro-regular-svg-icons-5.15.4.tgz#38c17d05ddebff70cfd86c2f178a4272f57fb13b"
  integrity sha512-LN9wOPIISKg3jZBbAuMm6YcsCiMRzTcpVkotLonRuzDmw0OLszUPCHZ6vB5hEnOC7g6IIOwOOnV12fW0V8IS9Q==
  dependencies:
    "@fortawesome/fontawesome-common-types" "^0.2.36"

"@fortawesome/pro-solid-svg-icons@^5.8.1":
  version "5.15.4"
  resolved "https://npm.fontawesome.com/@fortawesome/pro-solid-svg-icons/-/5.15.4/pro-solid-svg-icons-5.15.4.tgz#bf0f54b5920e8a779684bc9e69617ef5259c00c9"
  integrity sha512-ZlSg/RyAlwYJcsJlw2WfZSeOJ8GMKwIQ3ZY+GNFRZ+7pF+RRXxyZp2WIgUKhPK/M43SfSou6R6XdKZyz2xVVEQ==
  dependencies:
    "@fortawesome/fontawesome-common-types" "^0.2.36"

"@popperjs/core@^2.9.0":
  version "2.11.5"
  resolved "https://registry.yarnpkg.com/@popperjs/core/-/core-2.11.5.tgz#db5a11bf66bdab39569719555b0f76e138d7bd64"
  integrity sha512-9X2obfABZuDVLCgPK9aX0a/x4jaOEweTTWE2+9sr0Qqqevj2Uv5XorvusThmc9XGYpS9yI+fhh8RTafBtGposw==

"@types/klaw@^3.0.1":
  version "3.0.3"
  resolved "https://registry.yarnpkg.com/@types/klaw/-/klaw-3.0.3.tgz#68c02ecfe6b313ef5b93876d44ac5266808c6a01"
  integrity sha512-mXlRDFbTLpVysvxahXUQav0hFctgu3Fqr2xmSrpf/ptO/FwOp7SFEGsJkEihwshMbof3/BIiVJ/o42cuOOuv6g==
  dependencies:
    "@types/node" "*"

"@types/node@*":
  version "17.0.40"
  resolved "https://registry.yarnpkg.com/@types/node/-/node-17.0.40.tgz#76ee88ae03650de8064a6cf75b8d95f9f4a16090"
  integrity sha512-UXdBxNGqTMtm7hCwh9HtncFVLrXoqA3oJW30j6XWp5BH/wu3mVeaxo7cq5benFdBw34HB3XDT2TRPI7rXZ+mDg==

"@webcomponents/html-imports@^1.3.0":
  version "1.3.0"
  resolved "https://registry.yarnpkg.com/@webcomponents/html-imports/-/html-imports-1.3.0.tgz#d8b682559ea343280822ba570f7ae9905f60a1e7"
  integrity sha512-hKL4b5myliQZD07PBoQVO+aRJedOeAnxJQ82YgKhS2d/UNglDeV8JFA37g42qhz5QAalPjOHeFPD9PJtalcCzQ==

"AniJS@github:anijs/anijs":
  version "0.9.3"
  resolved "https://codeload.github.com/anijs/anijs/tar.gz/5be919fcf62884f5378cd6df0aff68c48391b840"

after-brunch@^0.0.5:
  version "0.0.5"
  resolved "https://registry.yarnpkg.com/after-brunch/-/after-brunch-0.0.5.tgz#98c1c1c4680cd70f5e29f2398458eebd640a91ff"
  integrity sha512-+yTSyl/M0B99FlvGVSIt+SrY7qJwekRnVjl248xUHVBnCtUvJGlpcqhsyFEcwOyfiLUovhuGUtXhK3F7mKHWHg==

anicollection@^1.0.0:
  version "1.0.0"
  resolved "https://registry.yarnpkg.com/anicollection/-/anicollection-1.0.0.tgz#f5724dedf7adbf851ad8811fa00b88e8f33dc315"
  integrity sha512-fKjuzQApFtM4y/uXjDlNvRrACMJWJ4SLQC/lUEz9iNVBLLkjVTvcgTS20Tk/giGvVLwwUFXSYZhZoBBv7MepKQ==

ansi-regex@^5.0.1:
  version "5.0.1"
  resolved "https://registry.yarnpkg.com/ansi-regex/-/ansi-regex-5.0.1.tgz#082cb2c89c9fe8659a311a53bd6a4dc5301db304"
  integrity sha512-quJQXlTSUGL2LH9SUXo8VwsY4soanhgo6LNSm84E1LBcE8s3O0wpdiRzyR9z/ZZJMlMWv37qOOb9pdJlMUEKFQ==

ansi-styles@^4.0.0:
  version "4.3.0"
  resolved "https://registry.yarnpkg.com/ansi-styles/-/ansi-styles-4.3.0.tgz#edd803628ae71c04c85ae7a0906edad34b648937"
  integrity sha512-zbB9rCJAT1rbjiVDb2hqKFHNYLxgtk8NURxZ3IZwD3F6NtxbXZQCnnSi1Lkx+IDohdPlFp222wVALIheZJQSEg==
  dependencies:
    color-convert "^2.0.1"

aos@^2.3.3:
  version "2.3.4"
  resolved "https://registry.yarnpkg.com/aos/-/aos-2.3.4.tgz#eb1c29f5c1806a197cf6323080747547edd3db8e"
  integrity sha512-zh/ahtR2yME4I51z8IttIt4lC1Nw0ktsFtmeDzID1m9naJnWXhCoARaCgNOGXb5CLy3zm+wqmRAEgMYB5E2HUw==
  dependencies:
    classlist-polyfill "^1.0.3"
    lodash.debounce "^4.0.6"
    lodash.throttle "^4.0.1"

apexcharts@^3.23.0:
  version "3.35.3"
  resolved "https://registry.yarnpkg.com/apexcharts/-/apexcharts-3.35.3.tgz#8025e85971c4695be124aa67c21f66d5787f9c51"
  integrity sha512-UDlxslJr3DG63I/SgoiivIu4lpP25GMaKFK8NvCHmTksTQshx4ng3oPPrYvdsBFOvD/ajPYIh/p7rNB0jq8vXg==
  dependencies:
    svg.draggable.js "^2.2.2"
    svg.easing.js "^2.0.0"
    svg.filter.js "^2.0.2"
    svg.pathmorphing.js "^0.1.3"
    svg.resize.js "^1.4.3"
    svg.select.js "^3.0.1"

argparse@^2.0.1:
  version "2.0.1"
  resolved "https://registry.yarnpkg.com/argparse/-/argparse-2.0.1.tgz#246f50f3ca78a3240f6c997e8a9bd1eac49e4b38"
  integrity sha512-8+9WqebbFzpX9OR+Wa6O29asIogeRMzcGtAINdpMHHyAg10f05aSFVBbcEqGf/PXw1EjAZ+q2/bEBg3DvurK3Q==

backbone.localstorage@^2.0.2:
  version "2.1.0"
  resolved "https://registry.yarnpkg.com/backbone.localstorage/-/backbone.localstorage-2.1.0.tgz#063c8338d1ab5f7d6eb735894399fdbd0103a4b3"
  integrity sha512-NzLWYsMg6qyag3q4CUGh9QJLkbVlenUdFzQSR/0ueBB7ePgGvZ3VfvBAqwUp4x9a2JliphXEIrFVVqSOQJbuvQ==

backbone@1.3.3:
  version "1.3.3"
  resolved "https://registry.yarnpkg.com/backbone/-/backbone-1.3.3.tgz#4cc80ea7cb1631ac474889ce40f2f8bc683b2999"
  integrity sha512-aK+k3TiU4tQDUrRCymDDE7XDFnMVuyE6zbZ4JX7mb4pJbQTVOH997/kyBzb8wB2s5Y/Oh7EUfj+sZhwRPxWwow==
  dependencies:
    underscore ">=1.8.3"

backbone@>=0.5.1:
  version "1.4.1"
  resolved "https://registry.yarnpkg.com/backbone/-/backbone-1.4.1.tgz#099a78184bc07b034048a8332229c2ccca1e3e62"
  integrity sha512-ADy1ztN074YkWbHi8ojJVFe3vAanO/lrzMGZWUClIP7oDD/Pjy2vrASraUP+2EVCfIiTtCW4FChVow01XneivA==
  dependencies:
    underscore ">=1.8.3"

backbone@~1.1.2:
  version "1.1.2"
  resolved "https://registry.yarnpkg.com/backbone/-/backbone-1.1.2.tgz#c2c04c66bf87268fb82c177acebeff7d37ba6f2d"
  integrity sha512-bdiYFVF+mXQ3712Urje2uvYClLPXOd2jsvp8AHlPyMKqpHRPCmCxZf099kCRadhA2sMxp761XB2aZ0/HYF4fDg==
  dependencies:
    underscore ">=1.5.0"

biskviit@1.0.1:
  version "1.0.1"
  resolved "https://registry.yarnpkg.com/biskviit/-/biskviit-1.0.1.tgz#037a0cd4b71b9e331fd90a1122de17dc49e420a7"
  integrity sha512-VGCXdHbdbpEkFgtjkeoBN8vRlbj1ZRX2/mxhE8asCCRalUx2nBzOomLJv8Aw/nRt5+ccDb+tPKidg4XxcfGW4w==
  dependencies:
    psl "^1.1.7"

bootstrap@^3.3.6:
  version "3.4.1"
  resolved "https://registry.yarnpkg.com/bootstrap/-/bootstrap-3.4.1.tgz#c3a347d419e289ad11f4033e3c4132b87c081d72"
  integrity sha512-yN5oZVmRCwe5aKwzRj6736nSmKDX7pLYwsXiCj/EYmo16hODaBiT4En5btW/jhBF/seV+XMx3aYwukYC3A49DA==

chaplin@1.1.1:
  version "1.1.1"
  resolved "https://registry.yarnpkg.com/chaplin/-/chaplin-1.1.1.tgz#64389954294d1fdec605ec2ef57b7316df94dee4"
  integrity sha512-03dSZH+0tcJ2wrOttEVz75ggTIEhV3BmA3AYzq+3z3tMUjdvhtRRDB/QPMCWe8drj6Uh891Ak89ksTGu4f9UCg==
  dependencies:
    backbone "~1.1.2"
    underscore "~1.6.0"

chart.js@^2.7.3:
  version "2.9.4"
  resolved "https://registry.yarnpkg.com/chart.js/-/chart.js-2.9.4.tgz#0827f9563faffb2dc5c06562f8eb10337d5b9684"
  integrity sha512-B07aAzxcrikjAPyV+01j7BmOpxtQETxTSlQ26BEYJ+3iUkbNKaOJ/nDbT6JjyqYxseM0ON12COHYdU2cTIjC7A==
  dependencies:
    chartjs-color "^2.1.0"
    moment "^2.10.2"

chartjs-color-string@^0.6.0:
  version "0.6.0"
  resolved "https://registry.yarnpkg.com/chartjs-color-string/-/chartjs-color-string-0.6.0.tgz#1df096621c0e70720a64f4135ea171d051402f71"
  integrity sha512-TIB5OKn1hPJvO7JcteW4WY/63v6KwEdt6udfnDE9iCAZgy+V4SrbSxoIbTw/xkUIapjEI4ExGtD0+6D3KyFd7A==
  dependencies:
    color-name "^1.0.0"

chartjs-color@^2.1.0:
  version "2.4.1"
  resolved "https://registry.yarnpkg.com/chartjs-color/-/chartjs-color-2.4.1.tgz#6118bba202fe1ea79dd7f7c0f9da93467296c3b0"
  integrity sha512-haqOg1+Yebys/Ts/9bLo/BqUcONQOdr/hoEr2LLTRl6C5LXctUdHxsCYfvQVg5JIxITrfCNUDr4ntqmQk9+/0w==
  dependencies:
    chartjs-color-string "^0.6.0"
    color-convert "^1.9.3"

classlist-polyfill@^1.0.3:
  version "1.2.0"
  resolved "https://registry.yarnpkg.com/classlist-polyfill/-/classlist-polyfill-1.2.0.tgz#935bc2dfd9458a876b279617514638bcaa964a2e"
  integrity sha512-GzIjNdcEtH4ieA2S8NmrSxv7DfEV5fmixQeyTmqmRmRJPGpRBaSnA2a0VrCjyT8iW8JjEdMbKzDotAJf+ajgaQ==

cli-table@^0.3.11:
  version "0.3.11"
  resolved "https://registry.yarnpkg.com/cli-table/-/cli-table-0.3.11.tgz#ac69cdecbe81dccdba4889b9a18b7da312a9d3ee"
  integrity sha512-IqLQi4lO0nIB4tcdTpN4LCB9FI3uqrJZK7RC515EnhZ6qBaglkIgICb1wjeAqpdoOabm1+SuQtkXIPdYC93jhQ==
  dependencies:
    colors "1.0.3"

cliui@^7.0.2:
  version "7.0.4"
  resolved "https://registry.yarnpkg.com/cliui/-/cliui-7.0.4.tgz#a0265ee655476fc807aea9df3df8df7783808b4f"
  integrity sha512-OcRE68cOsVMXp1Yvonl/fzkQOyjLSu/8bhPDfQt0e0/Eb283TKP20Fs2MqoPsr9SwA595rRCA+QMzYc9nBP+JQ==
  dependencies:
    string-width "^4.2.0"
    strip-ansi "^6.0.0"
    wrap-ansi "^7.0.0"

codem-isoboxer@0.3.6:
  version "0.3.6"
  resolved "https://registry.yarnpkg.com/codem-isoboxer/-/codem-isoboxer-0.3.6.tgz#867f670459b881d44f39168d5ff2a8f14c16151d"
  integrity sha512-LuO8/7LW6XuR5ERn1yavXAfodGRhuY2yP60JTZIw5yNYMCE5lUVbk3NFUCJxjnphQH+Xemp5hOGb1LgUXm00Xw==

color-convert@^1.9.3:
  version "1.9.3"
  resolved "https://registry.yarnpkg.com/color-convert/-/color-convert-1.9.3.tgz#bb71850690e1f136567de629d2d5471deda4c1e8"
  integrity sha512-QfAUtd+vFdAtFQcC8CCyYt1fYWxSqAiK2cSD6zDB8N3cpsEBAvRxp9zOGg6G/SHHJYAT88/az/IuDGALsNVbGg==
  dependencies:
    color-name "1.1.3"

color-convert@^2.0.1:
  version "2.0.1"
  resolved "https://registry.yarnpkg.com/color-convert/-/color-convert-2.0.1.tgz#72d3a68d598c9bdb3af2ad1e84f21d896abd4de3"
  integrity sha512-RRECPsj7iu/xb5oKYcsFHSppFNnsj/52OVTRKb4zP5onXwVF3zVmmToNcOfGC+CRDpfK/U584fMg38ZHCaElKQ==
  dependencies:
    color-name "~1.1.4"

color-name@1.1.3:
  version "1.1.3"
  resolved "https://registry.yarnpkg.com/color-name/-/color-name-1.1.3.tgz#a7d0558bd89c42f795dd42328f740831ca53bc25"
  integrity sha512-72fSenhMw2HZMTVHeCA9KCmpEIbzWiQsjN+BHcBbS9vr1mtt+vJjPdksIBNUmKAW8TFUDPJK5SUU3QhE9NEXDw==

color-name@^1.0.0, color-name@~1.1.4:
  version "1.1.4"
  resolved "https://registry.yarnpkg.com/color-name/-/color-name-1.1.4.tgz#c2a09a87acbde69543de6f63fa3995c826c536a2"
  integrity sha512-dOy+3AuW3a2wNbZHIuMZpTcgjGuLU/uBL/ubcZF9OXbDo8ff4O8yVp5Bf0efS8uEoYo5q4Fx7dY9OgQGXgAsQA==

colors@1.0.3:
  version "1.0.3"
  resolved "https://registry.yarnpkg.com/colors/-/colors-1.0.3.tgz#0433f44d809680fdeb60ed260f1b0c262e82a40b"
  integrity sha512-pFGrxThWcWQ2MsAz6RtgeWe4NK2kUE1WfsrvvlctdII745EW9I0yflqhe7++M5LEc7bV2c/9/5zc8sFcpL0Drw==

commonjs-require@^1.4.6:
  version "1.4.6"
  resolved "https://registry.yarnpkg.com/commonjs-require/-/commonjs-require-1.4.6.tgz#caff5a7e5663321d8ad0308a1ab2ce1766ed2253"
  integrity sha512-XGD87IrOoJe2nTj63Nz/fPN4u8EkwotryR3spQamCR3jApSgHI6PhfFL/pS294soD/KqyCe9V3SJd6haUUAQ5Q==

"components@https://everfi-curriculums.s3.amazonaws.com/components/components-3-22-0.tgz":
  version "3.22.0"
  resolved "https://everfi-curriculums.s3.amazonaws.com/components/components-3-22-0.tgz#45384b0c837d5bbbabf5aee1407de22d7c7f2f71"
  dependencies:
    "@fortawesome/fontawesome-svg-core" "^1.2.15"
    "@fortawesome/pro-light-svg-icons" "^5.15.4"
    "@fortawesome/pro-regular-svg-icons" "^5.8.1"
    "@fortawesome/pro-solid-svg-icons" "^5.8.1"
    "@types/klaw" "^3.0.1"
    cli-table "^0.3.11"
    everfi-sdk "https://everfi-curriculums.s3.amazonaws.com/sdk/Everfi-SDK-6-22-0.tgz"

core-js@3.21.1:
  version "3.21.1"
  resolved "https://registry.yarnpkg.com/core-js/-/core-js-3.21.1.tgz#f2e0ddc1fc43da6f904706e8e955bc19d06a0d94"
  integrity sha512-FRq5b/VMrWlrmCzwRrpDYNxyHP9BcAZC+xHJaqTgIE5091ZV1NTmyh0sGOg5XqpnHvR0svdy0sv1gWA1zmhxig==

dashjs@4.3.0:
  version "4.3.0"
  resolved "https://registry.yarnpkg.com/dashjs/-/dashjs-4.3.0.tgz#cccda5a490cabf6c3b48aa887ec8c8ac0df1a233"
  integrity sha512-cqpnJaPQpEY4DsEdF9prwD00+5dp5EGHCFc7yo9n2uuAH9k4zPkZJwXQ8dXmVRhPf3M89JfKSoAYIP3dbXmqcg==
  dependencies:
    codem-isoboxer "0.3.6"
    es6-promise "^4.2.8"
    fast-deep-equal "2.0.1"
    html-entities "^1.2.1"
    imsc "^1.0.2"
    localforage "^1.7.1"

date-fns@^2.28.0:
  version "2.28.0"
  resolved "https://registry.yarnpkg.com/date-fns/-/date-fns-2.28.0.tgz#9570d656f5fc13143e50c975a3b6bbeb46cd08b2"
  integrity sha512-8d35hViGYx/QH0icHYCeLmsLmMUheMmTyV9Fcm6gvNwdw31yXXH+O85sOBJ+OLnLQMKZowvpKb6FgMIQjcpvQw==

emoji-regex@^8.0.0:
  version "8.0.0"
  resolved "https://registry.yarnpkg.com/emoji-regex/-/emoji-regex-8.0.0.tgz#e818fd69ce5ccfcb404594f842963bf53164cc37"
  integrity sha512-MSjYzcWNOA0ewAHpz0MxpYFvwg6yjy1NG3xteoqz644VCo/RPgnr1/GGt+ic3iJTzQ8Eu3TdM14SawnVUmGE6A==

encoding@0.1.12:
  version "0.1.12"
  resolved "https://registry.yarnpkg.com/encoding/-/encoding-0.1.12.tgz#538b66f3ee62cd1ab51ec323829d1f9480c74beb"
  integrity sha512-bl1LAgiQc4ZWr++pNYUdRe/alecaHFeHxIJ/pNciqGdKXghaTCOwKkbKp6ye7pKZGu/GcaSXFk8PBVhgs+dJdA==
  dependencies:
    iconv-lite "~0.4.13"

error-stack-parser@^2.0.6:
  version "2.1.4"
  resolved "https://registry.yarnpkg.com/error-stack-parser/-/error-stack-parser-2.1.4.tgz#229cb01cdbfa84440bfa91876285b94680188286"
  integrity sha512-Sk5V6wVazPhq5MhpO+AUxJn5x7XSXGl1R93Vn7i+zS15KDVxQijejNCrz8340/2bgLBjR9GtEG8ZVKONDjcqGQ==
  dependencies:
    stackframe "^1.3.4"

es6-promise@^4.2.8:
  version "4.2.8"
  resolved "https://registry.yarnpkg.com/es6-promise/-/es6-promise-4.2.8.tgz#4eb21594c972bc40553d276e510539143db53e0a"
  integrity sha512-HJDGx5daxeIvxdBxvG2cb9g4tEvwIk3i8+nhX0yGrYmZUzbkdg8QbDevheDB8gd0//uPj4c1EQua8Q+MViT0/w==

escalade@^3.1.1:
  version "3.1.1"
  resolved "https://registry.yarnpkg.com/escalade/-/escalade-3.1.1.tgz#d8cfdc7000965c5a0174b4a82eaa5c0552742e40"
  integrity sha512-k0er2gUkLf8O0zKJiAhmkTnJlTvINGv7ygDNPbeIsX/TJjGJZHuh9B2UxbsaEkmlEo9MfhrSzmhIlhRlI2GXnw==

"everfi-sdk@https://everfi-curriculums.s3.amazonaws.com/sdk/Everfi-SDK-6-22-0.tgz":
  version "6.22.0"
  resolved "https://everfi-curriculums.s3.amazonaws.com/sdk/Everfi-SDK-6-22-0.tgz#c621f91faaa3879b43f3862a4be45ea75fac02d0"
  dependencies:
    "@accessible360/accessible-slick" "^1.0.1"
    "@fortawesome/fontawesome-svg-core" "^1.2.15"
    "@fortawesome/pro-light-svg-icons" "^5.15.4"
    "@fortawesome/pro-regular-svg-icons" "^5.8.1"
    "@fortawesome/pro-solid-svg-icons" "^5.8.1"
    "@webcomponents/html-imports" "^1.3.0"
    AniJS "github:anijs/anijs"
    after-brunch "^0.0.5"
    anicollection "^1.0.0"
    aos "^2.3.3"
    apexcharts "^3.23.0"
    backbone "1.3.3"
    backbone.localstorage "^2.0.2"
    bootstrap "^3.3.6"
    chaplin "1.1.1"
    chart.js "^2.7.3"
    commonjs-require "^1.4.6"
    core-js "3.21.1"
    dashjs "4.3.0"
    date-fns "^2.28.0"
    expr-eval "^2.0.2"
    fetch "^1.1.0"
    gsap "^3.0.5"
    handlebars "~4.7.2"
    howler "^2.2.3"
    i18next "21.5.4"
    i18next-browser-languagedetector "^6.1.2"
    jquery "2"
    jquery-ajax-transport-xdomainrequest "1.0.4"
    js-yaml "^4.1.0"
    knockback "1.2.3"
    knockout "^3.4.2"
    lodash "4.17.21"
    lodash.difference "^4.5.0"
    lodash.merge "^4.6.2"
    loglevel "^1.7.0"
    lottie-web "^5.7.12"
    marked "^4.0.10"
    minta "^3.0.6"
    normalize-css "^2.3.1"
    offline "^0.0.1"
    prismjs "^1.17.1"
    pseudo-localization "^2.1.1"
    rosie "^2.1.0"
    stacktrace-gps "^3.0.4"
    stacktrace-js "^2.0.2"
    tippy.js "^6.3.7"
    url-search-params "^0.10.0"

expr-eval@^2.0.2:
  version "2.0.2"
  resolved "https://registry.yarnpkg.com/expr-eval/-/expr-eval-2.0.2.tgz#fa6f044a7b0c93fde830954eb9c5b0f7fbc7e201"
  integrity sha512-4EMSHGOPSwAfBiibw3ndnP0AvjDWLsMvGOvWEZ2F96IGk0bIVdjQisOHxReSkE13mHcfbuCiXw+G4y0zv6N8Eg==

fast-deep-equal@2.0.1:
  version "2.0.1"
  resolved "https://registry.yarnpkg.com/fast-deep-equal/-/fast-deep-equal-2.0.1.tgz#7b05218ddf9667bf7f370bf7fdb2cb15fdd0aa49"
  integrity sha512-bCK/2Z4zLidyB4ReuIsvALH6w31YfAQDmXMqMx6FyfHqvBxtjC0eRumeSu4Bs3XtXwpyIywtSTrVT99BxY1f9w==

fetch@^1.1.0:
  version "1.1.0"
  resolved "https://registry.yarnpkg.com/fetch/-/fetch-1.1.0.tgz#0a8279f06be37f9f0ebb567560a30a480da59a2e"
  integrity sha512-5O8TwrGzoNblBG/jtK4NFuZwNCkZX6s5GfRNOaGtm+QGJEuNakSC/i2RW0R93KX6E0jVjNXm6O3CRN4Ql3K+yA==
  dependencies:
    biskviit "1.0.1"
    encoding "0.1.12"

flat@^5.0.2:
  version "5.0.2"
  resolved "https://registry.yarnpkg.com/flat/-/flat-5.0.2.tgz#8ca6fe332069ffa9d324c327198c598259ceb241"
  integrity sha512-b6suED+5/3rTpUBdG1gupIl8MPFCAMA0QXwmljLhvCUKcUvdE4gWky9zpuGCcXHOsz4J9wPGNWq6OKpmIzz3hQ==

get-caller-file@^2.0.5:
  version "2.0.5"
  resolved "https://registry.yarnpkg.com/get-caller-file/-/get-caller-file-2.0.5.tgz#4f94412a82db32f36e3b0b9741f8a97feb031f7e"
  integrity sha512-DyFP3BM/3YHTQOCUL/w0OZHR0lpKeGrxotcHWcqNEdnltqFwXVfhEBQ94eIo34AfQpo0rGki4cyIiftY06h2Fg==

get-stdin@^7.0.0:
  version "7.0.0"
  resolved "https://registry.yarnpkg.com/get-stdin/-/get-stdin-7.0.0.tgz#8d5de98f15171a125c5e516643c7a6d0ea8a96f6"
  integrity sha512-zRKcywvrXlXsA0v0i9Io4KDRaAw7+a1ZpjRwl9Wox8PFlVCCHra7E9c4kqXCoCM9nR5tBkaTTZRBoCm60bFqTQ==

gsap@^3.0.5:
  version "3.10.4"
  resolved "https://registry.yarnpkg.com/gsap/-/gsap-3.10.4.tgz#db89a6b8f6d5cb76e274eae822cbc1aa4d31e88f"
  integrity sha512-6QatdkKxXCMfvCW4rM++0RqyLQAzFX5nwl3yHS0XPgkZBkiSEY3VZVbMltrdtsbER/xZonLtyHt684wRp4erlQ==

handlebars@~4.7.2:
  version "4.7.7"
  resolved "https://registry.yarnpkg.com/handlebars/-/handlebars-4.7.7.tgz#9ce33416aad02dbd6c8fafa8240d5d98004945a1"
  integrity sha512-aAcXm5OAfE/8IXkcZvCepKU3VzW1/39Fb5ZuqMtgI/hT8X2YgoMvBY5dLhq/cpOvw7Lk1nK/UF71aLG/ZnVYRA==
  dependencies:
    minimist "^1.2.5"
    neo-async "^2.6.0"
    source-map "^0.6.1"
    wordwrap "^1.0.0"
  optionalDependencies:
    uglify-js "^3.1.4"

howler@^2.2.3:
  version "2.2.3"
  resolved "https://registry.yarnpkg.com/howler/-/howler-2.2.3.tgz#a2eff9b08b586798e7a2ee17a602a90df28715da"
  integrity sha512-QM0FFkw0LRX1PR8pNzJVAY25JhIWvbKMBFM4gqk+QdV+kPXOhleWGCB6AiAF/goGjIHK2e/nIElplvjQwhr0jg==

html-entities@^1.2.1:
  version "1.4.0"
  resolved "https://registry.yarnpkg.com/html-entities/-/html-entities-1.4.0.tgz#cfbd1b01d2afaf9adca1b10ae7dffab98c71d2dc"
  integrity sha512-8nxjcBcd8wovbeKx7h3wTji4e6+rhaVuPNpMqwWgnHh+N9ToqsCs6XztWRBPQ+UtzsoMAdKZtUENoVzU/EMtZA==

i18next-browser-languagedetector@^6.1.2:
  version "6.1.4"
  resolved "https://registry.yarnpkg.com/i18next-browser-languagedetector/-/i18next-browser-languagedetector-6.1.4.tgz#7b087c5edb6f6acd38ef54ede2160ab9cde0108f"
  integrity sha512-wukWnFeU7rKIWT66VU5i8I+3Zc4wReGcuDK2+kuFhtoxBRGWGdvYI9UQmqNL/yQH1KogWwh+xGEaIPH8V/i2Zg==
  dependencies:
    "@babel/runtime" "^7.14.6"

i18next@21.5.4:
  version "21.5.4"
  resolved "https://registry.yarnpkg.com/i18next/-/i18next-21.5.4.tgz#55ab39c31cc0b4f9f58c3a599db50c4515698284"
  integrity sha512-ukwRJpLhYg4EUfCOtbaKjlwF71qyel1XMXQN78OkQMcaQG68UzlYgLC6g2fhoTNBvoH2tJkaaqzDumhC9skAhA==
  dependencies:
    "@babel/runtime" "^7.12.0"

iconv-lite@~0.4.13:
  version "0.4.24"
  resolved "https://registry.yarnpkg.com/iconv-lite/-/iconv-lite-0.4.24.tgz#2022b4b25fbddc21d2f524974a474aafe733908b"
  integrity sha512-v3MXnZAcvnywkTUEZomIActle7RXXeedOR31wwl7VlyoXO4Qi9arvSenNQWne1TcRwhCL1HwLI21bEqdpj8/rA==
  dependencies:
    safer-buffer ">= 2.1.2 < 3"

immediate@~3.0.5:
  version "3.0.6"
  resolved "https://registry.yarnpkg.com/immediate/-/immediate-3.0.6.tgz#9db1dbd0faf8de6fbe0f5dd5e56bb606280de69b"
  integrity sha512-XXOFtyqDjNDAQxVfYxuF7g9Il/IbWmmlQg2MYKOH8ExIT1qg6xc4zyS3HaEEATgs1btfzxq15ciUiY7gjSXRGQ==

imsc@^1.0.2:
  version "1.1.3"
  resolved "https://registry.yarnpkg.com/imsc/-/imsc-1.1.3.tgz#e96a60a50d4000dd7b44097272768b9fd6a4891d"
  integrity sha512-IY0hMkVTNoqoYwKEp5UvNNKp/A5jeJUOrIO7judgOyhHT+xC6PA4VBOMAOhdtAYbMRHx9DTgI8p6Z6jhYQPFDA==
  dependencies:
    sax "1.2.1"

insert-css@0.0.0:
  version "0.0.0"
  resolved "https://registry.yarnpkg.com/insert-css/-/insert-css-0.0.0.tgz#2304bfa6f893abecb8ff9ca8d9c7605d94cf2911"
  integrity sha512-PwixL1rVtKkM1gz43tEHwZ2sUOYmWB5zk/9YiEmOxERqjfIkkMY4jwrl3v3e9NLzblEdkBuMLiTLm/0sHMx4qA==

is-fullwidth-code-point@^3.0.0:
  version "3.0.0"
  resolved "https://registry.yarnpkg.com/is-fullwidth-code-point/-/is-fullwidth-code-point-3.0.0.tgz#f116f8064fe90b3f7844a38997c0b75051269f1d"
  integrity sha512-zymm5+u+sCsSWyD9qNaejV3DFvhCKclKdizYaJUuHA83RLjb7nSuGnddCHGv0hk+KY7BMAlsWeK4Ueg6EV6XQg==

jquery-ajax-transport-xdomainrequest@1.0.4:
  version "1.0.4"
  resolved "https://registry.yarnpkg.com/jquery-ajax-transport-xdomainrequest/-/jquery-ajax-transport-xdomainrequest-1.0.4.tgz#8d570cf713096b23b3dfc39620ab1a8a680ac2f1"
  integrity sha512-i9j82I7skGKkAxshoQUUTtfV4YZT2a4BdomKSG6r6cll1jxLb2Q/iUUgHs2ipUk3DZ9E6gcBFSmsULq5vtyNeg==

jquery@2:
  version "2.2.4"
  resolved "https://registry.yarnpkg.com/jquery/-/jquery-2.2.4.tgz#2c89d6889b5eac522a7eea32c14521559c6cbf02"
  integrity sha512-lBHj60ezci2u1v2FqnZIraShGgEXq35qCzMv4lITyHGppTnA13rwR0MgwyNJh9TnDs3aXUvd1xjAotfraMHX/Q==

js-yaml@^4.1.0:
  version "4.1.0"
  resolved "https://registry.yarnpkg.com/js-yaml/-/js-yaml-4.1.0.tgz#c1fb65f8f5017901cdd2c951864ba18458a10602"
  integrity sha512-wpxZs9NoxZaJESJGIZTyDEaYpl0FKSA+FB9aJiyemKhMwkxQg63h4T1KJgUGHpTqPDNRcmmYLugrRjJlBtWvRA==
  dependencies:
    argparse "^2.0.1"

knockback@1.2.3:
  version "1.2.3"
  resolved "https://registry.yarnpkg.com/knockback/-/knockback-1.2.3.tgz#83f166cc003ba4fe5fc8b97aae5a2cf582107736"
  integrity sha512-wby2yKgq/3XGLVP4MwAahzsP80F4RNjvMe4k17joSGohT0eu22t9Xp10nqM4W+4GDRDKyZg5iZme0HEXS8UgAA==
  optionalDependencies:
    backbone ">=0.5.1"
    knockout ">=2.1.0"
    underscore ">=1.1.7"

knockout@>=2.1.0, knockout@^3.4.2:
  version "3.5.1"
  resolved "https://registry.yarnpkg.com/knockout/-/knockout-3.5.1.tgz#62c81e81843bea2008fd23c575edd9ca978e75cf"
  integrity sha512-wRJ9I4az0QcsH7A4v4l0enUpkS++MBx0BnL/68KaLzJg7x1qmbjSlwEoCNol7KTYZ+pmtI7Eh2J0Nu6/2Z5J/Q==

lie@3.1.1:
  version "3.1.1"
  resolved "https://registry.yarnpkg.com/lie/-/lie-3.1.1.tgz#9a436b2cc7746ca59de7a41fa469b3efb76bd87e"
  integrity sha512-RiNhHysUjhrDQntfYSfY4MU24coXXdEOgw9WGcKHNeEwffDYbF//u87M1EWaMGzuFoSbqW0C9C6lEEhDOAswfw==
  dependencies:
    immediate "~3.0.5"

localforage@^1.7.1:
  version "1.10.0"
  resolved "https://registry.yarnpkg.com/localforage/-/localforage-1.10.0.tgz#5c465dc5f62b2807c3a84c0c6a1b1b3212781dd4"
  integrity sha512-14/H1aX7hzBBmmh7sGPd+AOMkkIrHM3Z1PAyGgZigA1H1p5O5ANnMyWzvpAETtG68/dC4pC0ncy3+PPGzXZHPg==
  dependencies:
    lie "3.1.1"

lodash.debounce@^4.0.6:
  version "4.0.8"
  resolved "https://registry.yarnpkg.com/lodash.debounce/-/lodash.debounce-4.0.8.tgz#82d79bff30a67c4005ffd5e2515300ad9ca4d7af"
  integrity sha512-FT1yDzDYEoYWhnSGnpE/4Kj1fLZkDFyqRb7fNt6FdYOSxlUWAtp42Eh6Wb0rGIv/m9Bgo7x4GhQbm5Ys4SG5ow==

lodash.difference@^4.5.0:
  version "4.5.0"
  resolved "https://registry.yarnpkg.com/lodash.difference/-/lodash.difference-4.5.0.tgz#9ccb4e505d486b91651345772885a2df27fd017c"
  integrity sha512-dS2j+W26TQ7taQBGN8Lbbq04ssV3emRw4NY58WErlTO29pIqS0HmoT5aJ9+TUQ1N3G+JOZSji4eugsWwGp9yPA==

lodash.merge@^4.6.2:
  version "4.6.2"
  resolved "https://registry.yarnpkg.com/lodash.merge/-/lodash.merge-4.6.2.tgz#558aa53b43b661e1925a0afdfa36a9a1085fe57a"
  integrity sha512-0KpjqXRVvrYyCsX1swR/XTK0va6VQkQM6MNo7PqW77ByjAhoARA8EfrP1N4+KlKj8YS0ZUCtRT/YUuhyYDujIQ==

lodash.throttle@^4.0.1:
  version "4.1.1"
  resolved "https://registry.yarnpkg.com/lodash.throttle/-/lodash.throttle-4.1.1.tgz#c23e91b710242ac70c37f1e1cda9274cc39bf2f4"
  integrity sha512-wIkUCfVKpVsWo3JSZlc+8MB5it+2AN5W8J7YVMST30UrvcQNZ1Okbj+rbVniijTWE6FGYy4XJq/rHkas8qJMLQ==

lodash@4.17.21:
  version "4.17.21"
  resolved "https://registry.yarnpkg.com/lodash/-/lodash-4.17.21.tgz#679591c564c3bffaae8454cf0b3df370c3d6911c"
  integrity sha512-v2kDEe57lecTulaDIuNTPy3Ry4gLGJ6Z1O3vE1krgXZNrsQ+LFTGHVxVjcXPs17LhbZVGedAJv8XZ1tvj5FvSg==

loglevel@^1.7.0:
  version "1.8.0"
  resolved "https://registry.yarnpkg.com/loglevel/-/loglevel-1.8.0.tgz#e7ec73a57e1e7b419cb6c6ac06bf050b67356114"
  integrity sha512-G6A/nJLRgWOuuwdNuA6koovfEV1YpqqAG4pRUlFaz3jj2QNZ8M4vBqnVA+HBTmU/AMNUtlOsMmSpF6NyOjztbA==

lottie-web@^5.7.12:
  version "5.9.4"
  resolved "https://registry.yarnpkg.com/lottie-web/-/lottie-web-5.9.4.tgz#c01478ee5dd47f916cb4bb79040c11d427872d57"
  integrity sha512-bSs1ZTPifnBVejO1MnQHdfrKfcn02YTCmgOh2wcAEICqRA0V7GzDh8FnwXY6+EzT+i8XOunaIloo/5xC5YNbsA==

marked@^4.0.10:
  version "4.0.16"
  resolved "https://registry.yarnpkg.com/marked/-/marked-4.0.16.tgz#9ec18fc1a723032eb28666100344d9428cf7a264"
  integrity sha512-wahonIQ5Jnyatt2fn8KqF/nIqZM8mh3oRu2+l5EANGMhu6RFjiSG52QNE2eWzFMI94HqYSgN184NurgNG6CztA==

minimist@^1.2.5:
  version "1.2.6"
  resolved "https://registry.yarnpkg.com/minimist/-/minimist-1.2.6.tgz#8637a5b759ea0d6e98702cfb3a9283323c93af44"
  integrity sha512-Jsjnk4bw3YJqYzbdyBiNsPWHPfO++UGG749Cxs6peCu5Xg4nrena6OVxOYxrQTqww0Jmwt+Ref8rggumkTLz9Q==

minta@^3.0.6:
  version "3.1.7"
  resolved "https://registry.yarnpkg.com/minta/-/minta-3.1.7.tgz#f0fc1aacc1b19950925d74beb1e27112996f3a36"
  integrity sha512-VrtO0I0d+1Uz22ZnR5yZcP5wE8VM6ck2JeSRVKUbxiYp+bGDQuiJKe8B+wJ7jjIQGaXHpyQ2jaNtlVRPDTJYzQ==

moment@^2.10.2:
  version "2.29.3"
  resolved "https://registry.yarnpkg.com/moment/-/moment-2.29.3.tgz#edd47411c322413999f7a5940d526de183c031f3"
  integrity sha512-c6YRvhEo//6T2Jz/vVtYzqBzwvPT95JBQ+smCytzf7c50oMZRsR/a4w88aD34I+/QVSfnoAnSBFPJHItlOMJVw==

neo-async@^2.6.0:
  version "2.6.2"
  resolved "https://registry.yarnpkg.com/neo-async/-/neo-async-2.6.2.tgz#b4aafb93e3aeb2d8174ca53cf163ab7d7308305f"
  integrity sha512-Yd3UES5mWCSqR+qNT93S3UoYUkqAZ9lLg8a7g9rimsWmYGK8cVToA4/sF3RrshdyV3sAGMXVUmpMYOw+dLpOuw==

normalize-css@^2.3.1:
  version "2.3.1"
  resolved "https://registry.yarnpkg.com/normalize-css/-/normalize-css-2.3.1.tgz#fc03e3b91e3a51aa7a1836bae7b2b6ac6d51e156"
  integrity sha512-70Lnkke3P+8ehu56S0M0yoUTgTve/rCrEncjdgPmKER/TLZMRa30rFLW7Yv3iGZldmGV4bGevGW47VOfZJbGyw==
  dependencies:
    insert-css "0.0.0"

offline@^0.0.1:
  version "0.0.1"
  resolved "https://registry.yarnpkg.com/offline/-/offline-0.0.1.tgz#06fc4a2cef474d0b775668e2cf6f427f10fb66b1"
  integrity sha512-LZCFV7HRcQhf826kQ5F1gu/z4l+d0yttmE2MXfzjsPkDyMVLZa6v9UNz4AUNQE7nIatipmnd+ZTR3KrjPr/zKA==

prismjs@^1.17.1:
  version "1.28.0"
  resolved "https://registry.yarnpkg.com/prismjs/-/prismjs-1.28.0.tgz#0d8f561fa0f7cf6ebca901747828b149147044b6"
  integrity sha512-8aaXdYvl1F7iC7Xm1spqSaY/OJBpYW3v+KJ+F17iYxvdc8sfjW194COK5wVhMZX45tGteiBQgdvD/nhxcRwylw==

pseudo-localization@^2.1.1:
  version "2.2.2"
  resolved "https://registry.yarnpkg.com/pseudo-localization/-/pseudo-localization-2.2.2.tgz#8203a8730b943eab980e06c820c1174d1c3d1b55"
  integrity sha512-lhLhTkw0hBvD7CQ2VZRNNxpIubt58rbjhYGkbO/n201kh+whyiRwsAwH8mZSNJS3yslP/nyjiC6WhEjGJ8/S0A==
  dependencies:
    flat "^5.0.2"
    get-stdin "^7.0.0"
    yargs "^17.2.1"

psl@^1.1.7:
  version "1.8.0"
  resolved "https://registry.yarnpkg.com/psl/-/psl-1.8.0.tgz#9326f8bcfb013adcc005fdff056acce020e51c24"
  integrity sha512-RIdOzyoavK+hA18OGGWDqUTsCLhtA7IcZ/6NCs4fFJaHBDab+pDDmDIByWFRQJq2Cd7r1OoQxBGKOaztq+hjIQ==

regenerator-runtime@^0.13.4:
  version "0.13.9"
  resolved "https://registry.yarnpkg.com/regenerator-runtime/-/regenerator-runtime-0.13.9.tgz#8925742a98ffd90814988d7566ad30ca3b263b52"
  integrity sha512-p3VT+cOEgxFsRRA9X4lkI1E+k2/CtnKtU4gcxyaCUreilL/vqI6CdZ3wxVUx3UOUg+gnUOQQcRI7BmSI656MYA==

require-directory@^2.1.1:
  version "2.1.1"
  resolved "https://registry.yarnpkg.com/require-directory/-/require-directory-2.1.1.tgz#8c64ad5fd30dab1c976e2344ffe7f792a6a6df42"
  integrity sha512-fGxEI7+wsG9xrvdjsrlmL22OMTTiHRwAMroiEeMgq8gzoLC/PQr7RsRDSTLUg/bZAZtF+TVIkHc6/4RIKrui+Q==

rosie@^2.1.0:
  version "2.1.0"
  resolved "https://registry.yarnpkg.com/rosie/-/rosie-2.1.0.tgz#0213a9d2b0401a2549cbce5f1cd914caffa22358"
  integrity sha512-Dbzdc+prLXZuB/suRptDnBUY29SdGvND3bLg6cll8n7PNqzuyCxSlRfrkn8PqjS9n4QVsiM7RCvxCkKAkTQRjA==

"safer-buffer@>= 2.1.2 < 3":
  version "2.1.2"
  resolved "https://registry.yarnpkg.com/safer-buffer/-/safer-buffer-2.1.2.tgz#44fa161b0187b9549dd84bb91802f9bd8385cd6a"
  integrity sha512-YZo3K82SD7Riyi0E1EQPojLz7kpepnSQI9IyPbHHg1XXXevb5dJI7tpyN2ADxGcQbHG7vcyRHk0cbwqcQriUtg==

sax@1.2.1:
  version "1.2.1"
  resolved "https://registry.yarnpkg.com/sax/-/sax-1.2.1.tgz#7b8e656190b228e81a66aea748480d828cd2d37a"
  integrity sha1-e45lYZCyKOgaZq6nSEgNgozS03o=

source-map@0.5.6:
  version "0.5.6"
  resolved "https://registry.yarnpkg.com/source-map/-/source-map-0.5.6.tgz#75ce38f52bf0733c5a7f0c118d81334a2bb5f412"
  integrity sha1-dc449SvwczxafwwRjYEzSiu19BI=

source-map@^0.6.1:
  version "0.6.1"
  resolved "https://registry.yarnpkg.com/source-map/-/source-map-0.6.1.tgz#74722af32e9614e9c287a8d0bbde48b5e2f1a263"
  integrity sha512-UjgapumWlbMhkBgzT7Ykc5YXUT46F0iKu8SGXq0bcwP5dz/h0Plj6enJqjz1Zbq2l5WaqYnrVbwWOWMyF3F47g==

stack-generator@^2.0.5:
  version "2.0.10"
  resolved "https://registry.yarnpkg.com/stack-generator/-/stack-generator-2.0.10.tgz#8ae171e985ed62287d4f1ed55a1633b3fb53bb4d"
  integrity sha512-mwnua/hkqM6pF4k8SnmZ2zfETsRUpWXREfA/goT8SLCV4iOFa4bzOX2nDipWAZFPTjLvQB82f5yaodMVhK0yJQ==
  dependencies:
    stackframe "^1.3.4"

stackframe@^1.3.4:
  version "1.3.4"
  resolved "https://registry.yarnpkg.com/stackframe/-/stackframe-1.3.4.tgz#b881a004c8c149a5e8efef37d51b16e412943310"
  integrity sha512-oeVtt7eWQS+Na6F//S4kJ2K2VbRlS9D43mAlMyVpVWovy9o+jfgH8O9agzANzaiLjclA0oYzUXEM4PurhSUChw==

stacktrace-gps@^3.0.4:
  version "3.1.2"
  resolved "https://registry.yarnpkg.com/stacktrace-gps/-/stacktrace-gps-3.1.2.tgz#0c40b24a9b119b20da4525c398795338966a2fb0"
  integrity sha512-GcUgbO4Jsqqg6RxfyTHFiPxdPqF+3LFmQhm7MgCuYQOYuWyqxo5pwRPz5d/u6/WYJdEnWfK4r+jGbyD8TSggXQ==
  dependencies:
    source-map "0.5.6"
    stackframe "^1.3.4"

stacktrace-js@^2.0.2:
  version "2.0.2"
  resolved "https://registry.yarnpkg.com/stacktrace-js/-/stacktrace-js-2.0.2.tgz#4ca93ea9f494752d55709a081d400fdaebee897b"
  integrity sha512-Je5vBeY4S1r/RnLydLl0TBTi3F2qdfWmYsGvtfZgEI+SCprPppaIhQf5nGcal4gI4cGpCV/duLcAzT1np6sQqg==
  dependencies:
    error-stack-parser "^2.0.6"
    stack-generator "^2.0.5"
    stacktrace-gps "^3.0.4"

string-width@^4.1.0, string-width@^4.2.0, string-width@^4.2.3:
  version "4.2.3"
  resolved "https://registry.yarnpkg.com/string-width/-/string-width-4.2.3.tgz#269c7117d27b05ad2e536830a8ec895ef9c6d010"
  integrity sha512-wKyQRQpjJ0sIp62ErSZdGsjMJWsap5oRNihHhu6G7JVO/9jIB6UyevL+tXuOqrng8j/cxKTWyWUwvSTriiZz/g==
  dependencies:
    emoji-regex "^8.0.0"
    is-fullwidth-code-point "^3.0.0"
    strip-ansi "^6.0.1"

strip-ansi@^6.0.0, strip-ansi@^6.0.1:
  version "6.0.1"
  resolved "https://registry.yarnpkg.com/strip-ansi/-/strip-ansi-6.0.1.tgz#9e26c63d30f53443e9489495b2105d37b67a85d9"
  integrity sha512-Y38VPSHcqkFrCpFnQ9vuSXmquuv5oXOKpGeT6aGrr3o3Gc9AlVa6JBfUSOCnbxGGZF+/0ooI7KrPuUSztUdU5A==
  dependencies:
    ansi-regex "^5.0.1"

svg.draggable.js@^2.2.2:
  version "2.2.2"
  resolved "https://registry.yarnpkg.com/svg.draggable.js/-/svg.draggable.js-2.2.2.tgz#c514a2f1405efb6f0263e7958f5b68fce50603ba"
  integrity sha512-JzNHBc2fLQMzYCZ90KZHN2ohXL0BQJGQimK1kGk6AvSeibuKcIdDX9Kr0dT9+UJ5O8nYA0RB839Lhvk4CY4MZw==
  dependencies:
    svg.js "^2.0.1"

svg.easing.js@^2.0.0:
  version "2.0.0"
  resolved "https://registry.yarnpkg.com/svg.easing.js/-/svg.easing.js-2.0.0.tgz#8aa9946b0a8e27857a5c40a10eba4091e5691f12"
  integrity sha1-iqmUawqOJ4V6XEChDrpAkeVpHxI=
  dependencies:
    svg.js ">=2.3.x"

svg.filter.js@^2.0.2:
  version "2.0.2"
  resolved "https://registry.yarnpkg.com/svg.filter.js/-/svg.filter.js-2.0.2.tgz#91008e151389dd9230779fcbe6e2c9a362d1c203"
  integrity sha1-kQCOFROJ3ZIwd5/L5uLJo2LRwgM=
  dependencies:
    svg.js "^2.2.5"

svg.js@>=2.3.x, svg.js@^2.0.1, svg.js@^2.2.5, svg.js@^2.4.0, svg.js@^2.6.5:
  version "2.7.1"
  resolved "https://registry.yarnpkg.com/svg.js/-/svg.js-2.7.1.tgz#eb977ed4737001eab859949b4a398ee1bb79948d"
  integrity sha512-ycbxpizEQktk3FYvn/8BH+6/EuWXg7ZpQREJvgacqn46gIddG24tNNe4Son6omdXCnSOaApnpZw6MPCBA1dODA==

svg.pathmorphing.js@^0.1.3:
  version "0.1.3"
  resolved "https://registry.yarnpkg.com/svg.pathmorphing.js/-/svg.pathmorphing.js-0.1.3.tgz#c25718a1cc7c36e852ecabc380e758ac09bb2b65"
  integrity sha512-49HWI9X4XQR/JG1qXkSDV8xViuTLIWm/B/7YuQELV5KMOPtXjiwH4XPJvr/ghEDibmLQ9Oc22dpWpG0vUDDNww==
  dependencies:
    svg.js "^2.4.0"

svg.resize.js@^1.4.3:
  version "1.4.3"
  resolved "https://registry.yarnpkg.com/svg.resize.js/-/svg.resize.js-1.4.3.tgz#885abd248e0cd205b36b973c4b578b9a36f23332"
  integrity sha512-9k5sXJuPKp+mVzXNvxz7U0uC9oVMQrrf7cFsETznzUDDm0x8+77dtZkWdMfRlmbkEEYvUn9btKuZ3n41oNA+uw==
  dependencies:
    svg.js "^2.6.5"
    svg.select.js "^2.1.2"

svg.select.js@^2.1.2:
  version "2.1.2"
  resolved "https://registry.yarnpkg.com/svg.select.js/-/svg.select.js-2.1.2.tgz#e41ce13b1acff43a7441f9f8be87a2319c87be73"
  integrity sha512-tH6ABEyJsAOVAhwcCjF8mw4crjXSI1aa7j2VQR8ZuJ37H2MBUbyeqYr5nEO7sSN3cy9AR9DUwNg0t/962HlDbQ==
  dependencies:
    svg.js "^2.2.5"

svg.select.js@^3.0.1:
  version "3.0.1"
  resolved "https://registry.yarnpkg.com/svg.select.js/-/svg.select.js-3.0.1.tgz#a4198e359f3825739226415f82176a90ea5cc917"
  integrity sha512-h5IS/hKkuVCbKSieR9uQCj9w+zLHoPh+ce19bBYyqF53g6mnPB8sAtIbe1s9dh2S2fCmYX2xel1Ln3PJBbK4kw==
  dependencies:
    svg.js "^2.6.5"

tippy.js@^6.3.7:
  version "6.3.7"
  resolved "https://registry.yarnpkg.com/tippy.js/-/tippy.js-6.3.7.tgz#8ccfb651d642010ed9a32ff29b0e9e19c5b8c61c"
  integrity sha512-E1d3oP2emgJ9dRQZdf3Kkn0qJgI6ZLpyS5z6ZkY1DF3kaQaBsGZsndEpHwx+eC+tYM41HaSNvNtLx8tU57FzTQ==
  dependencies:
    "@popperjs/core" "^2.9.0"

uglify-js@^3.1.4:
  version "3.16.0"
  resolved "https://registry.yarnpkg.com/uglify-js/-/uglify-js-3.16.0.tgz#b778ba0831ca102c1d8ecbdec2d2bdfcc7353190"
  integrity sha512-FEikl6bR30n0T3amyBh3LoiBdqHRy/f4H80+My34HOesOKyHfOsxAPAxOoqC0JUnC1amnO0IwkYC3sko51caSw==

underscore@>=1.1.7, underscore@>=1.5.0, underscore@>=1.8.3:
  version "1.13.4"
  resolved "https://registry.yarnpkg.com/underscore/-/underscore-1.13.4.tgz#7886b46bbdf07f768e0052f1828e1dcab40c0dee"
  integrity sha512-BQFnUDuAQ4Yf/cYY5LNrK9NCJFKriaRbD9uR1fTeXnBeoa97W0i41qkZfGO9pSo8I5KzjAcSY2XYtdf0oKd7KQ==

underscore@~1.6.0:
  version "1.6.0"
  resolved "https://registry.yarnpkg.com/underscore/-/underscore-1.6.0.tgz#8b38b10cacdef63337b8b24e4ff86d45aea529a8"
  integrity sha1-izixDKze9jM3uLJOT/htRa6lKag=

url-search-params@^0.10.0:
  version "0.10.2"
  resolved "https://registry.yarnpkg.com/url-search-params/-/url-search-params-0.10.2.tgz#e9da69646e48c6140c6732e1f07fb669525f5a4e"
  integrity sha512-d6GYsr992Bo9rzTZFc9BUw3UFAAg3prE9JGVBgW2TLTbI3rSvg4VDa0BFXHMzKkWbAuhrmaFWpucpRJl+3W7Jg==

wordwrap@^1.0.0:
  version "1.0.0"
  resolved "https://registry.yarnpkg.com/wordwrap/-/wordwrap-1.0.0.tgz#27584810891456a4171c8d0226441ade90cbcaeb"
  integrity sha1-J1hIEIkUVqQXHI0CJkQa3pDLyus=

wrap-ansi@^7.0.0:
  version "7.0.0"
  resolved "https://registry.yarnpkg.com/wrap-ansi/-/wrap-ansi-7.0.0.tgz#67e145cff510a6a6984bdf1152911d69d2eb9e43"
  integrity sha512-YVGIj2kamLSTxw6NsZjoBxfSwsn0ycdesmc4p+Q21c5zPuZ1pl+NfxVdxPtdHvmNVOQ6XSYG4AUtyt/Fi7D16Q==
  dependencies:
    ansi-styles "^4.0.0"
    string-width "^4.1.0"
    strip-ansi "^6.0.0"

y18n@^5.0.5:
  version "5.0.8"
  resolved "https://registry.yarnpkg.com/y18n/-/y18n-5.0.8.tgz#7f4934d0f7ca8c56f95314939ddcd2dd91ce1d55"
  integrity sha512-0pfFzegeDWJHJIAmTLRP2DwHjdF5s7jo9tuztdQxAhINCdvS+3nGINqPd00AphqJR/0LhANUS6/+7SCb98YOfA==

yargs-parser@^21.0.0:
  version "21.0.1"
  resolved "https://registry.yarnpkg.com/yargs-parser/-/yargs-parser-21.0.1.tgz#0267f286c877a4f0f728fceb6f8a3e4cb95c6e35"
  integrity sha512-9BK1jFpLzJROCI5TzwZL/TU4gqjK5xiHV/RfWLOahrjAko/e4DJkRDZQXfvqAsiZzzYhgAzbgz6lg48jcm4GLg==

yargs@^17.2.1:
  version "17.5.1"
  resolved "https://registry.yarnpkg.com/yargs/-/yargs-17.5.1.tgz#e109900cab6fcb7fd44b1d8249166feb0b36e58e"
  integrity sha512-t6YAJcxDkNX7NFYiVtKvWUz8l+PaKTLiL63mJYWR2GnHq2gjEWISzsLp9wg3aY36dY1j+gfIEL3pIF+XlJJfbA==
  dependencies:
    cliui "^7.0.2"
    escalade "^3.1.1"
    get-caller-file "^2.0.5"
    require-directory "^2.1.1"
    string-width "^4.2.3"
    y18n "^5.0.5"
    yargs-parser "^21.0.0"
